
Microsoft Visual Studio Solution File, Format Version 12.00
Project("{FAE04EC0-301F-11D3-BF4B-00C04F79EFBC}") = "CurrencyChart.SelfHost", "CurrencyChart.SelfHost\CurrencyChart.SelfHost.csproj", "{6C4E595F-4B2E-4C8A-BCA0-5F258892917F}"
EndProject
Project("{FAE04EC0-301F-11D3-BF4B-00C04F79EFBC}") = "CurrencyChart.Server", "CurrencyChart.Server\CurrencyChart.Server.csproj", "{EC23E3C5-A06E-4AAA-A817-80AE05BC79FA}"
EndProject
Project("{FAE04EC0-301F-11D3-BF4B-00C04F79EFBC}") = "CurrencyChart.JsClient", "CurrencyChart.JsClient\CurrencyChart.JsClient.csproj", "{D977EF02-D94F-4FAE-AEBF-CCEC7DDEFF0C}"
EndProject
Global
	GlobalSection(SolutionConfigurationPlatforms) = preSolution
		Debug|Any CPU = Debug|Any CPU
		Release|Any CPU = Release|Any CPU
	EndGlobalSection
	GlobalSection(ProjectConfigurationPlatforms) = postSolution
		{6C4E595F-4B2E-4C8A-BCA0-5F258892917F}.Debug|Any CPU.ActiveCfg = Debug|Any CPU
		{6C4E595F-4B2E-4C8A-BCA0-5F258892917F}.Debug|Any CPU.Build.0 = Debug|Any CPU
		{6C4E595F-4B2E-4C8A-BCA0-5F258892917F}.Release|Any CPU.ActiveCfg = Release|Any CPU
		{6C4E595F-4B2E-4C8A-BCA0-5F258892917F}.Release|Any CPU.Build.0 = Release|Any CPU
		{EC23E3C5-A06E-4AAA-A817-80AE05BC79FA}.Debug|Any CPU.ActiveCfg = Debug|Any CPU
		{EC23E3C5-A06E-4AAA-A817-80AE05BC79FA}.Debug|Any CPU.Build.0 = Debug|Any CPU
		{EC23E3C5-A06E-4AAA-A817-80AE05BC79FA}.Release|Any CPU.ActiveCfg = Release|Any CPU
		{EC23E3C5-A06E-4AAA-A817-80AE05BC79FA}.Release|Any CPU.Build.0 = Release|Any CPU
		{D977EF02-D94F-4FAE-AEBF-CCEC7DDEFF0C}.Debug|Any CPU.ActiveCfg = Debug|Any CPU
		{D977EF02-D94F-4FAE-AEBF-CCEC7DDEFF0C}.Debug|Any CPU.Build.0 = Debug|Any CPU
		{D977EF02-D94F-4FAE-AEBF-CCEC7DDEFF0C}.Release|Any CPU.ActiveCfg = Release|Any CPU
		{D977EF02-D94F-4FAE-AEBF-CCEC7DDEFF0C}.Release|Any CPU.Build.0 = Release|Any CPU
	EndGlobalSection
EndGlobal
